
Microsoft Visual Studio Solution File, Format Version 12.00
# Visual Studio Version 17
VisualStudioVersion = 17.0.31903.59
MinimumVisualStudioVersion = 10.0.40219.1
Project("{FAE04EC0-301F-11D3-BF4B-00C04F79EFBC}") = "API", "API\API.csproj", "{A9450414-61F8-47DD-92F1-B86B7AD5DDF4}"
EndProject
Project("{FAE04EC0-301F-11D3-BF4B-00C04F79EFBC}") = "Application", "Application\Application.csproj", "{2252417D-222B-473C-8FB0-E236F58EF801}"
EndProject
Project("{FAE04EC0-301F-11D3-BF4B-00C04F79EFBC}") = "Domain", "Domain\Domain.csproj", "{1BC089F1-E66E-41E1-A034-1F24135EE45D}"
EndProject
Project("{FAE04EC0-301F-11D3-BF4B-00C04F79EFBC}") = "Persistence", "Persistence\Persistence.csproj", "{C1D643D3-4A74-4C64-A195-8A250607ADE3}"
EndProject
Global
	GlobalSection(SolutionConfigurationPlatforms) = preSolution
		Debug|Any CPU = Debug|Any CPU
		Release|Any CPU = Release|Any CPU
	EndGlobalSection
	GlobalSection(SolutionProperties) = preSolution
		HideSolutionNode = FALSE
	EndGlobalSection
	GlobalSection(ProjectConfigurationPlatforms) = postSolution
		{A9450414-61F8-47DD-92F1-B86B7AD5DDF4}.Debug|Any CPU.ActiveCfg = Debug|Any CPU
		{A9450414-61F8-47DD-92F1-B86B7AD5DDF4}.Debug|Any CPU.Build.0 = Debug|Any CPU
		{A9450414-61F8-47DD-92F1-B86B7AD5DDF4}.Release|Any CPU.ActiveCfg = Release|Any CPU
		{A9450414-61F8-47DD-92F1-B86B7AD5DDF4}.Release|Any CPU.Build.0 = Release|Any CPU
		{2252417D-222B-473C-8FB0-E236F58EF801}.Debug|Any CPU.ActiveCfg = Debug|Any CPU
		{2252417D-222B-473C-8FB0-E236F58EF801}.Debug|Any CPU.Build.0 = Debug|Any CPU
		{2252417D-222B-473C-8FB0-E236F58EF801}.Release|Any CPU.ActiveCfg = Release|Any CPU
		{2252417D-222B-473C-8FB0-E236F58EF801}.Release|Any CPU.Build.0 = Release|Any CPU
		{1BC089F1-E66E-41E1-A034-1F24135EE45D}.Debug|Any CPU.ActiveCfg = Debug|Any CPU
		{1BC089F1-E66E-41E1-A034-1F24135EE45D}.Debug|Any CPU.Build.0 = Debug|Any CPU
		{1BC089F1-E66E-41E1-A034-1F24135EE45D}.Release|Any CPU.ActiveCfg = Release|Any CPU
		{1BC089F1-E66E-41E1-A034-1F24135EE45D}.Release|Any CPU.Build.0 = Release|Any CPU
		{C1D643D3-4A74-4C64-A195-8A250607ADE3}.Debug|Any CPU.ActiveCfg = Debug|Any CPU
		{C1D643D3-4A74-4C64-A195-8A250607ADE3}.Debug|Any CPU.Build.0 = Debug|Any CPU
		{C1D643D3-4A74-4C64-A195-8A250607ADE3}.Release|Any CPU.ActiveCfg = Release|Any CPU
		{C1D643D3-4A74-4C64-A195-8A250607ADE3}.Release|Any CPU.Build.0 = Release|Any CPU
	EndGlobalSection
EndGlobal
